
Microsoft Visual Studio Solution File, Format Version 12.00
# Visual Studio Version 17
VisualStudioVersion = 17.6.33829.357
MinimumVisualStudioVersion = 10.0.40219.1
Project("{FAE04EC0-301F-11D3-BF4B-00C04F79EFBC}") = "robotControllerGUI", "robotControllerGUI\robotControllerGUI.csproj", "{67532275-0F55-4D9F-BBF7-0B9DE6649A29}"
EndProject
Global
	GlobalSection(SolutionConfigurationPlatforms) = preSolution
		Debug|Any CPU = Debug|Any CPU
		Release|Any CPU = Release|Any CPU
	EndGlobalSection
	GlobalSection(ProjectConfigurationPlatforms) = postSolution
		{67532275-0F55-4D9F-BBF7-0B9DE6649A29}.Debug|Any CPU.ActiveCfg = Debug|Any CPU
		{67532275-0F55-4D9F-BBF7-0B9DE6649A29}.Debug|Any CPU.Build.0 = Debug|Any CPU
		{67532275-0F55-4D9F-BBF7-0B9DE6649A29}.Release|Any CPU.ActiveCfg = Release|Any CPU
		{67532275-0F55-4D9F-BBF7-0B9DE6649A29}.Release|Any CPU.Build.0 = Release|Any CPU
	EndGlobalSection
	GlobalSection(SolutionProperties) = preSolution
		HideSolutionNode = FALSE
	EndGlobalSection
	GlobalSection(ExtensibilityGlobals) = postSolution
		SolutionGuid = {B59003CF-0AF4-43F8-A71E-DFBE0F1AC018}
	EndGlobalSection
EndGlobal
